# This file is automatically @generated by Cargo.
# It is not intended for manual editing.
version = 4

[[package]]
name = "lance-graph"
version = "0.1.0"

[[package]]
name = "notebook-kernel"
version = "0.1.0"

[[package]]
name = "notebook-query"
version = "0.1.0"

[[package]]
name = "notebook-render"
version = "0.1.0"

[[package]]
name = "notebook-runtime"
version = "0.1.0"

[[package]]
name = "q2-ndarray"
version = "0.1.0"
